
Microsoft Visual Studio Solution File, Format Version 12.00
Project("{FAE04EC0-301F-11D3-BF4B-00C04F79EFBC}") = "SiyesoProject.API", "SiyesoProject.API\SiyesoProject.API.csproj", "{0461DCFB-2B01-481C-AA55-50364EE97FCD}"
EndProject
Project("{FAE04EC0-301F-11D3-BF4B-00C04F79EFBC}") = "SiyesoProject.Application", "SiyesoProject.Application\SiyesoProject.Application.csproj", "{33858098-7638-42BC-9E53-9D8DDEBBD5B8}"
EndProject
Project("{FAE04EC0-301F-11D3-BF4B-00C04F79EFBC}") = "SiyesoProject.Domain", "SiyesoProject.Domain\SiyesoProject.Domain.csproj", "{BAE7FE7A-6E8C-4234-9406-D41D2B58D48B}"
EndProject
Project("{FAE04EC0-301F-11D3-BF4B-00C04F79EFBC}") = "SiyesoProject.Persistence", "SiyesoProject.Persistence\SiyesoProject.Persistence.csproj", "{B20A0045-57CB-4BBB-B118-F595F9E21026}"
EndProject
Project("{FAE04EC0-301F-11D3-BF4B-00C04F79EFBC}") = "SiyesoProject.Infrastructure", "SiyesoProject.Infrastructure\SiyesoProject.Infrastructure.csproj", "{0C03FFD5-3CC0-458C-8C73-77B08CD7A502}"
EndProject
Global
	GlobalSection(SolutionConfigurationPlatforms) = preSolution
		Debug|Any CPU = Debug|Any CPU
		Release|Any CPU = Release|Any CPU
	EndGlobalSection
	GlobalSection(ProjectConfigurationPlatforms) = postSolution
		{0461DCFB-2B01-481C-AA55-50364EE97FCD}.Debug|Any CPU.ActiveCfg = Debug|Any CPU
		{0461DCFB-2B01-481C-AA55-50364EE97FCD}.Debug|Any CPU.Build.0 = Debug|Any CPU
		{0461DCFB-2B01-481C-AA55-50364EE97FCD}.Release|Any CPU.ActiveCfg = Release|Any CPU
		{0461DCFB-2B01-481C-AA55-50364EE97FCD}.Release|Any CPU.Build.0 = Release|Any CPU
		{33858098-7638-42BC-9E53-9D8DDEBBD5B8}.Debug|Any CPU.ActiveCfg = Debug|Any CPU
		{33858098-7638-42BC-9E53-9D8DDEBBD5B8}.Debug|Any CPU.Build.0 = Debug|Any CPU
		{33858098-7638-42BC-9E53-9D8DDEBBD5B8}.Release|Any CPU.ActiveCfg = Release|Any CPU
		{33858098-7638-42BC-9E53-9D8DDEBBD5B8}.Release|Any CPU.Build.0 = Release|Any CPU
		{BAE7FE7A-6E8C-4234-9406-D41D2B58D48B}.Debug|Any CPU.ActiveCfg = Debug|Any CPU
		{BAE7FE7A-6E8C-4234-9406-D41D2B58D48B}.Debug|Any CPU.Build.0 = Debug|Any CPU
		{BAE7FE7A-6E8C-4234-9406-D41D2B58D48B}.Release|Any CPU.ActiveCfg = Release|Any CPU
		{BAE7FE7A-6E8C-4234-9406-D41D2B58D48B}.Release|Any CPU.Build.0 = Release|Any CPU
		{B20A0045-57CB-4BBB-B118-F595F9E21026}.Debug|Any CPU.ActiveCfg = Debug|Any CPU
		{B20A0045-57CB-4BBB-B118-F595F9E21026}.Debug|Any CPU.Build.0 = Debug|Any CPU
		{B20A0045-57CB-4BBB-B118-F595F9E21026}.Release|Any CPU.ActiveCfg = Release|Any CPU
		{B20A0045-57CB-4BBB-B118-F595F9E21026}.Release|Any CPU.Build.0 = Release|Any CPU
		{0C03FFD5-3CC0-458C-8C73-77B08CD7A502}.Debug|Any CPU.ActiveCfg = Debug|Any CPU
		{0C03FFD5-3CC0-458C-8C73-77B08CD7A502}.Debug|Any CPU.Build.0 = Debug|Any CPU
		{0C03FFD5-3CC0-458C-8C73-77B08CD7A502}.Release|Any CPU.ActiveCfg = Release|Any CPU
		{0C03FFD5-3CC0-458C-8C73-77B08CD7A502}.Release|Any CPU.Build.0 = Release|Any CPU
	EndGlobalSection
EndGlobal
